
Microsoft Visual Studio Solution File, Format Version 12.00
# Visual Studio Version 17
VisualStudioVersion = 17.4.33122.133
MinimumVisualStudioVersion = 10.0.40219.1
Project("{FAE04EC0-301F-11D3-BF4B-00C04F79EFBC}") = "MvcClienteApiManagement", "MvcClienteApiManagement\MvcClienteApiManagement.csproj", "{746FDDC8-2B32-4F78-9BDE-12B7F25F10A1}"
EndProject
Global
	GlobalSection(SolutionConfigurationPlatforms) = preSolution
		Debug|Any CPU = Debug|Any CPU
		Release|Any CPU = Release|Any CPU
	EndGlobalSection
	GlobalSection(ProjectConfigurationPlatforms) = postSolution
		{746FDDC8-2B32-4F78-9BDE-12B7F25F10A1}.Debug|Any CPU.ActiveCfg = Debug|Any CPU
		{746FDDC8-2B32-4F78-9BDE-12B7F25F10A1}.Debug|Any CPU.Build.0 = Debug|Any CPU
		{746FDDC8-2B32-4F78-9BDE-12B7F25F10A1}.Release|Any CPU.ActiveCfg = Release|Any CPU
		{746FDDC8-2B32-4F78-9BDE-12B7F25F10A1}.Release|Any CPU.Build.0 = Release|Any CPU
	EndGlobalSection
	GlobalSection(SolutionProperties) = preSolution
		HideSolutionNode = FALSE
	EndGlobalSection
	GlobalSection(ExtensibilityGlobals) = postSolution
		SolutionGuid = {5167D642-E790-461B-88EA-886F5A5664AC}
	EndGlobalSection
EndGlobal
